
Microsoft Visual Studio Solution File, Format Version 12.00
# Visual Studio 15
Project("{FAE04EC0-301F-11D3-BF4B-00C04F79EFBC}") = "Oculus.Interaction.Editor", "Oculus.Interaction.Editor.csproj", "{149C3C43-9434-2F24-185A-A25CA1402D17}"
EndProject
Project("{FAE04EC0-301F-11D3-BF4B-00C04F79EFBC}") = "Meta.WitAi.Conduit", "Meta.WitAi.Conduit.csproj", "{250C1795-55F7-4A0E-7D37-CB47C64293C4}"
EndProject
Project("{FAE04EC0-301F-11D3-BF4B-00C04F79EFBC}") = "Oculus.VR", "Oculus.VR.csproj", "{50DE2744-6D6F-DC6C-1786-D276A23CEA41}"
EndProject
Project("{FAE04EC0-301F-11D3-BF4B-00C04F79EFBC}") = "Oculus.Interaction", "Oculus.Interaction.csproj", "{6EFA2B3C-2FF3-02ED-DA4D-88391C4F893A}"
EndProject
Project("{FAE04EC0-301F-11D3-BF4B-00C04F79EFBC}") = "Meta.Voice.Samples.ShapesConduit", "Meta.Voice.Samples.ShapesConduit.csproj", "{6227B683-34C8-CCC7-E34C-E69ECEFCBB38}"
EndProject
Project("{FAE04EC0-301F-11D3-BF4B-00C04F79EFBC}") = "Meta.WitAi.Editor", "Meta.WitAi.Editor.csproj", "{80419A0B-A072-06D4-6BBB-F3B34ADA78FC}"
EndProject
Project("{FAE04EC0-301F-11D3-BF4B-00C04F79EFBC}") = "Oculus.Platform", "Oculus.Platform.csproj", "{BBF79211-F9DA-B448-7CD8-F40C4550D9D8}"
EndProject
Project("{FAE04EC0-301F-11D3-BF4B-00C04F79EFBC}") = "VoiceSDK.Telemetry", "VoiceSDK.Telemetry.csproj", "{E37FAA15-CBD7-999F-E4CB-1A635C0EAE9D}"
EndProject
Project("{FAE04EC0-301F-11D3-BF4B-00C04F79EFBC}") = "Meta.WitAi.Conduit.Editor", "Meta.WitAi.Conduit.Editor.csproj", "{CE0F6BB2-E3E9-CD6F-65C2-8F8B6553DBDB}"
EndProject
Project("{FAE04EC0-301F-11D3-BF4B-00C04F79EFBC}") = "Meta.WitAi", "Meta.WitAi.csproj", "{33525FD1-4CA3-8B8E-0977-4EF0F1BD929F}"
EndProject
Project("{FAE04EC0-301F-11D3-BF4B-00C04F79EFBC}") = "Oculus.Interaction.OVR.Samples", "Oculus.Interaction.OVR.Samples.csproj", "{9F76FAF1-EA50-B92A-8EDB-F102D5542045}"
EndProject
Project("{FAE04EC0-301F-11D3-BF4B-00C04F79EFBC}") = "Assembly-CSharp", "Assembly-CSharp.csproj", "{64B482A6-1E0D-F8D2-2128-74A95E1E9863}"
EndProject
Project("{FAE04EC0-301F-11D3-BF4B-00C04F79EFBC}") = "Meta.WitAi.Lib", "Meta.WitAi.Lib.csproj", "{F83E3E64-AB51-AD01-4A6E-33B078E32ADD}"
EndProject
Project("{FAE04EC0-301F-11D3-BF4B-00C04F79EFBC}") = "Oculus.VR.Editor", "Oculus.VR.Editor.csproj", "{2DD2022B-6B70-2BAA-B805-E6C4A09839E0}"
EndProject
Project("{FAE04EC0-301F-11D3-BF4B-00C04F79EFBC}") = "Meta.Voice.Hub.Runtime", "Meta.Voice.Hub.Runtime.csproj", "{DAAF7AAB-B3C6-7148-BD53-127EADE3D216}"
EndProject
Project("{FAE04EC0-301F-11D3-BF4B-00C04F79EFBC}") = "VoiceSDK.Dictation.Runtime", "VoiceSDK.Dictation.Runtime.csproj", "{E1044C6F-B71C-AEB0-C55D-05C280F3DDB8}"
EndProject
Project("{FAE04EC0-301F-11D3-BF4B-00C04F79EFBC}") = "Oculus.LipSync", "Oculus.LipSync.csproj", "{190CBBD0-02AA-FD57-EC99-67C79059E3BF}"
EndProject
Project("{FAE04EC0-301F-11D3-BF4B-00C04F79EFBC}") = "Oculus.Interaction.OVR", "Oculus.Interaction.OVR.csproj", "{65DFFDD4-4A9D-5B99-1701-5ECA9CADEFC2}"
EndProject
Project("{FAE04EC0-301F-11D3-BF4B-00C04F79EFBC}") = "Meta.Voice.Hub.Editor", "Meta.Voice.Hub.Editor.csproj", "{7506A1CD-BA3B-14C4-550F-C8F7934ABADB}"
EndProject
Project("{FAE04EC0-301F-11D3-BF4B-00C04F79EFBC}") = "VoiceSDK.Editor", "VoiceSDK.Editor.csproj", "{E203E67B-283F-B7E2-1F74-BB3C667DA7C0}"
EndProject
Project("{FAE04EC0-301F-11D3-BF4B-00C04F79EFBC}") = "Meta.WitAI.Lib.Editor", "Meta.WitAI.Lib.Editor.csproj", "{B47FE762-D5EF-6677-4008-E39B8C270A36}"
EndProject
Project("{FAE04EC0-301F-11D3-BF4B-00C04F79EFBC}") = "Oculus.Spatializer.Editor", "Oculus.Spatializer.Editor.csproj", "{0DC02F64-E147-2EA6-25A4-CE6BF3ADD0C0}"
EndProject
Project("{FAE04EC0-301F-11D3-BF4B-00C04F79EFBC}") = "Oculus.AudioManager", "Oculus.AudioManager.csproj", "{29C9B03E-9DEA-A3C3-C82A-F141035EE501}"
EndProject
Project("{FAE04EC0-301F-11D3-BF4B-00C04F79EFBC}") = "AssistantCoreSDKRuntime", "AssistantCoreSDKRuntime.csproj", "{15F45CD0-F3E1-11A1-3113-721C6757A8BA}"
EndProject
Project("{FAE04EC0-301F-11D3-BF4B-00C04F79EFBC}") = "VoiceSDK.Runtime", "VoiceSDK.Runtime.csproj", "{930DAB4C-622C-7C8C-18B6-0A0A99489A51}"
EndProject
Project("{FAE04EC0-301F-11D3-BF4B-00C04F79EFBC}") = "Facebook.Wit.Dictation", "Facebook.Wit.Dictation.csproj", "{B20C03A5-4B83-1419-B213-86C23F411329}"
EndProject
Project("{FAE04EC0-301F-11D3-BF4B-00C04F79EFBC}") = "Meta.Voice.Samples.BuiltInTimer", "Meta.Voice.Samples.BuiltInTimer.csproj", "{597A5248-9A00-DCB6-2D1E-CB5AA6A21A34}"
EndProject
Project("{FAE04EC0-301F-11D3-BF4B-00C04F79EFBC}") = "Oculus.Platform.Editor", "Oculus.Platform.Editor.csproj", "{C1E8CF9F-38EA-65F6-9C76-FEFF075F734D}"
EndProject
Project("{FAE04EC0-301F-11D3-BF4B-00C04F79EFBC}") = "Meta.Voice.Samples.TTSVoices", "Meta.Voice.Samples.TTSVoices.csproj", "{974E3F22-DE2B-6512-C558-DC17D6FC8043}"
EndProject
Project("{FAE04EC0-301F-11D3-BF4B-00C04F79EFBC}") = "Meta.Voice.VSDKHub.Editor", "Meta.Voice.VSDKHub.Editor.csproj", "{EE403B09-4F38-E516-9ECA-B6AD3AAE23EF}"
EndProject
Project("{FAE04EC0-301F-11D3-BF4B-00C04F79EFBC}") = "Meta.WitAi.TTS", "Meta.WitAi.TTS.csproj", "{087605F7-2F20-067E-1417-941D6940896B}"
EndProject
Project("{FAE04EC0-301F-11D3-BF4B-00C04F79EFBC}") = "Oculus.AudioManager.Audio.Editor", "Oculus.AudioManager.Audio.Editor.csproj", "{C9438B83-C4F4-60B6-531B-002412FFD65C}"
EndProject
Project("{FAE04EC0-301F-11D3-BF4B-00C04F79EFBC}") = "Assembly-CSharp-Editor", "Assembly-CSharp-Editor.csproj", "{BC17CB70-547B-82BC-AAD8-D10AC972AE9C}"
EndProject
Project("{FAE04EC0-301F-11D3-BF4B-00C04F79EFBC}") = "Meta.Voice.Samples.Chess", "Meta.Voice.Samples.Chess.csproj", "{B23403FF-44DE-922E-C38C-E47F53DDE386}"
EndProject
Project("{FAE04EC0-301F-11D3-BF4B-00C04F79EFBC}") = "Oculus.VR.Scripts.Editor", "Oculus.VR.Scripts.Editor.csproj", "{6B6CBCD6-502C-AF88-D0B1-BFC26F280EBE}"
EndProject
Project("{FAE04EC0-301F-11D3-BF4B-00C04F79EFBC}") = "Meta.Voice.Samples.LightTraits", "Meta.Voice.Samples.LightTraits.csproj", "{0777E720-571A-7307-9476-3DBF4C1EC6A8}"
EndProject
Project("{FAE04EC0-301F-11D3-BF4B-00C04F79EFBC}") = "Meta.Voice.Samples.Dictation", "Meta.Voice.Samples.Dictation.csproj", "{A0BFDC56-8516-9E37-F0A6-821E7D2090B2}"
EndProject
Project("{FAE04EC0-301F-11D3-BF4B-00C04F79EFBC}") = "Meta.Voice.Samples.Shapes", "Meta.Voice.Samples.Shapes.csproj", "{A11AD3AD-A079-1C83-C4CB-58AC98978180}"
EndProject
Project("{FAE04EC0-301F-11D3-BF4B-00C04F79EFBC}") = "Oculus.Interaction.Samples.Editor", "Oculus.Interaction.Samples.Editor.csproj", "{940F6B48-FC41-F519-BBF3-DBECD5E69E8B}"
EndProject
Project("{FAE04EC0-301F-11D3-BF4B-00C04F79EFBC}") = "Meta.WitAi.TTS.Editor", "Meta.WitAi.TTS.Editor.csproj", "{E0B935C3-8F3A-1A9C-AD47-D8279AFE3A37}"
EndProject
Project("{FAE04EC0-301F-11D3-BF4B-00C04F79EFBC}") = "Oculus.Interaction.OVR.Editor", "Oculus.Interaction.OVR.Editor.csproj", "{EA88E5CE-2660-8410-C7DA-A6D8C8D2C6CB}"
EndProject
Project("{FAE04EC0-301F-11D3-BF4B-00C04F79EFBC}") = "Oculus.Spatializer", "Oculus.Spatializer.csproj", "{BC57E960-4C85-911B-2348-FC174736DC65}"
EndProject
Project("{FAE04EC0-301F-11D3-BF4B-00C04F79EFBC}") = "Oculus.LipSync.Editor", "Oculus.LipSync.Editor.csproj", "{BF0F7BF4-4F88-5345-99AF-E261D9D8DEFC}"
EndProject
Project("{FAE04EC0-301F-11D3-BF4B-00C04F79EFBC}") = "Oculus.AudioManager.Utils.Editor", "Oculus.AudioManager.Utils.Editor.csproj", "{AAAE5CE7-F9DE-2085-A058-F601EF5A9BC1}"
EndProject
Project("{FAE04EC0-301F-11D3-BF4B-00C04F79EFBC}") = "Meta.VoiceSDK.Mic.Common", "Meta.VoiceSDK.Mic.Common.csproj", "{CB888A36-71CA-A6DD-3711-26D3366BA300}"
EndProject
Project("{FAE04EC0-301F-11D3-BF4B-00C04F79EFBC}") = "VoiceSDK.Dictation.Editor", "VoiceSDK.Dictation.Editor.csproj", "{15D43A45-6D40-1B30-2F8E-9DCD1A967465}"
EndProject
Project("{FAE04EC0-301F-11D3-BF4B-00C04F79EFBC}") = "Meta.VoiceSDK.Mic.Other", "Meta.VoiceSDK.Mic.Other.csproj", "{2DDC8D34-C96F-0144-BB13-EC82AA95A363}"
EndProject
Project("{FAE04EC0-301F-11D3-BF4B-00C04F79EFBC}") = "AssistantCoreSDKEditor", "AssistantCoreSDKEditor.csproj", "{0D0EBF8D-16A4-7D47-EC29-AAC5F1FFF034}"
EndProject
Project("{FAE04EC0-301F-11D3-BF4B-00C04F79EFBC}") = "Oculus.Interaction.InterfaceSupport", "Oculus.Interaction.InterfaceSupport.csproj", "{B12B3DBD-0402-CD80-0FBA-5FED69E12480}"
EndProject
Project("{FAE04EC0-301F-11D3-BF4B-00C04F79EFBC}") = "Meta.Voice.Samples.LiveUnderstanding", "Meta.Voice.Samples.LiveUnderstanding.csproj", "{5F830B35-FB13-63EE-C903-16B8D0F2EC6B}"
EndProject
Project("{FAE04EC0-301F-11D3-BF4B-00C04F79EFBC}") = "Facebook.Wit.Dictation.Editor", "Facebook.Wit.Dictation.Editor.csproj", "{53CD04F1-0F0C-2411-1E03-54FA42150490}"
EndProject
Project("{FAE04EC0-301F-11D3-BF4B-00C04F79EFBC}") = "Meta.VoiceSDK.Mic.WebGL", "Meta.VoiceSDK.Mic.WebGL.csproj", "{B0B97442-8009-CF96-C797-B777224A54B0}"
EndProject
Global
	GlobalSection(SolutionConfigurationPlatforms) = preSolution
		Debug|Any CPU = Debug|Any CPU
		Release|Any CPU = Release|Any CPU
	EndGlobalSection
	GlobalSection(ProjectConfigurationPlatforms) = postSolution
		{149C3C43-9434-2F24-185A-A25CA1402D17}.Debug|Any CPU.ActiveCfg = Debug|Any CPU
		{149C3C43-9434-2F24-185A-A25CA1402D17}.Debug|Any CPU.Build.0 = Debug|Any CPU
		{149C3C43-9434-2F24-185A-A25CA1402D17}.Release|Any CPU.ActiveCfg = Release|Any CPU
		{149C3C43-9434-2F24-185A-A25CA1402D17}.Release|Any CPU.Build.0 = Release|Any CPU
		{250C1795-55F7-4A0E-7D37-CB47C64293C4}.Debug|Any CPU.ActiveCfg = Debug|Any CPU
		{250C1795-55F7-4A0E-7D37-CB47C64293C4}.Debug|Any CPU.Build.0 = Debug|Any CPU
		{250C1795-55F7-4A0E-7D37-CB47C64293C4}.Release|Any CPU.ActiveCfg = Release|Any CPU
		{250C1795-55F7-4A0E-7D37-CB47C64293C4}.Release|Any CPU.Build.0 = Release|Any CPU
		{50DE2744-6D6F-DC6C-1786-D276A23CEA41}.Debug|Any CPU.ActiveCfg = Debug|Any CPU
		{50DE2744-6D6F-DC6C-1786-D276A23CEA41}.Debug|Any CPU.Build.0 = Debug|Any CPU
		{50DE2744-6D6F-DC6C-1786-D276A23CEA41}.Release|Any CPU.ActiveCfg = Release|Any CPU
		{50DE2744-6D6F-DC6C-1786-D276A23CEA41}.Release|Any CPU.Build.0 = Release|Any CPU
		{6EFA2B3C-2FF3-02ED-DA4D-88391C4F893A}.Debug|Any CPU.ActiveCfg = Debug|Any CPU
		{6EFA2B3C-2FF3-02ED-DA4D-88391C4F893A}.Debug|Any CPU.Build.0 = Debug|Any CPU
		{6EFA2B3C-2FF3-02ED-DA4D-88391C4F893A}.Release|Any CPU.ActiveCfg = Release|Any CPU
		{6EFA2B3C-2FF3-02ED-DA4D-88391C4F893A}.Release|Any CPU.Build.0 = Release|Any CPU
		{6227B683-34C8-CCC7-E34C-E69ECEFCBB38}.Debug|Any CPU.ActiveCfg = Debug|Any CPU
		{6227B683-34C8-CCC7-E34C-E69ECEFCBB38}.Debug|Any CPU.Build.0 = Debug|Any CPU
		{6227B683-34C8-CCC7-E34C-E69ECEFCBB38}.Release|Any CPU.ActiveCfg = Release|Any CPU
		{6227B683-34C8-CCC7-E34C-E69ECEFCBB38}.Release|Any CPU.Build.0 = Release|Any CPU
		{80419A0B-A072-06D4-6BBB-F3B34ADA78FC}.Debug|Any CPU.ActiveCfg = Debug|Any CPU
		{80419A0B-A072-06D4-6BBB-F3B34ADA78FC}.Debug|Any CPU.Build.0 = Debug|Any CPU
		{80419A0B-A072-06D4-6BBB-F3B34ADA78FC}.Release|Any CPU.ActiveCfg = Release|Any CPU
		{80419A0B-A072-06D4-6BBB-F3B34ADA78FC}.Release|Any CPU.Build.0 = Release|Any CPU
		{BBF79211-F9DA-B448-7CD8-F40C4550D9D8}.Debug|Any CPU.ActiveCfg = Debug|Any CPU
		{BBF79211-F9DA-B448-7CD8-F40C4550D9D8}.Debug|Any CPU.Build.0 = Debug|Any CPU
		{BBF79211-F9DA-B448-7CD8-F40C4550D9D8}.Release|Any CPU.ActiveCfg = Release|Any CPU
		{BBF79211-F9DA-B448-7CD8-F40C4550D9D8}.Release|Any CPU.Build.0 = Release|Any CPU
		{E37FAA15-CBD7-999F-E4CB-1A635C0EAE9D}.Debug|Any CPU.ActiveCfg = Debug|Any CPU
		{E37FAA15-CBD7-999F-E4CB-1A635C0EAE9D}.Debug|Any CPU.Build.0 = Debug|Any CPU
		{E37FAA15-CBD7-999F-E4CB-1A635C0EAE9D}.Release|Any CPU.ActiveCfg = Release|Any CPU
		{E37FAA15-CBD7-999F-E4CB-1A635C0EAE9D}.Release|Any CPU.Build.0 = Release|Any CPU
		{CE0F6BB2-E3E9-CD6F-65C2-8F8B6553DBDB}.Debug|Any CPU.ActiveCfg = Debug|Any CPU
		{CE0F6BB2-E3E9-CD6F-65C2-8F8B6553DBDB}.Debug|Any CPU.Build.0 = Debug|Any CPU
		{CE0F6BB2-E3E9-CD6F-65C2-8F8B6553DBDB}.Release|Any CPU.ActiveCfg = Release|Any CPU
		{CE0F6BB2-E3E9-CD6F-65C2-8F8B6553DBDB}.Release|Any CPU.Build.0 = Release|Any CPU
		{33525FD1-4CA3-8B8E-0977-4EF0F1BD929F}.Debug|Any CPU.ActiveCfg = Debug|Any CPU
		{33525FD1-4CA3-8B8E-0977-4EF0F1BD929F}.Debug|Any CPU.Build.0 = Debug|Any CPU
		{33525FD1-4CA3-8B8E-0977-4EF0F1BD929F}.Release|Any CPU.ActiveCfg = Release|Any CPU
		{33525FD1-4CA3-8B8E-0977-4EF0F1BD929F}.Release|Any CPU.Build.0 = Release|Any CPU
		{9F76FAF1-EA50-B92A-8EDB-F102D5542045}.Debug|Any CPU.ActiveCfg = Debug|Any CPU
		{9F76FAF1-EA50-B92A-8EDB-F102D5542045}.Debug|Any CPU.Build.0 = Debug|Any CPU
		{9F76FAF1-EA50-B92A-8EDB-F102D5542045}.Release|Any CPU.ActiveCfg = Release|Any CPU
		{9F76FAF1-EA50-B92A-8EDB-F102D5542045}.Release|Any CPU.Build.0 = Release|Any CPU
		{64B482A6-1E0D-F8D2-2128-74A95E1E9863}.Debug|Any CPU.ActiveCfg = Debug|Any CPU
		{64B482A6-1E0D-F8D2-2128-74A95E1E9863}.Debug|Any CPU.Build.0 = Debug|Any CPU
		{64B482A6-1E0D-F8D2-2128-74A95E1E9863}.Release|Any CPU.ActiveCfg = Release|Any CPU
		{64B482A6-1E0D-F8D2-2128-74A95E1E9863}.Release|Any CPU.Build.0 = Release|Any CPU
		{F83E3E64-AB51-AD01-4A6E-33B078E32ADD}.Debug|Any CPU.ActiveCfg = Debug|Any CPU
		{F83E3E64-AB51-AD01-4A6E-33B078E32ADD}.Debug|Any CPU.Build.0 = Debug|Any CPU
		{F83E3E64-AB51-AD01-4A6E-33B078E32ADD}.Release|Any CPU.ActiveCfg = Release|Any CPU
		{F83E3E64-AB51-AD01-4A6E-33B078E32ADD}.Release|Any CPU.Build.0 = Release|Any CPU
		{2DD2022B-6B70-2BAA-B805-E6C4A09839E0}.Debug|Any CPU.ActiveCfg = Debug|Any CPU
		{2DD2022B-6B70-2BAA-B805-E6C4A09839E0}.Debug|Any CPU.Build.0 = Debug|Any CPU
		{2DD2022B-6B70-2BAA-B805-E6C4A09839E0}.Release|Any CPU.ActiveCfg = Release|Any CPU
		{2DD2022B-6B70-2BAA-B805-E6C4A09839E0}.Release|Any CPU.Build.0 = Release|Any CPU
		{DAAF7AAB-B3C6-7148-BD53-127EADE3D216}.Debug|Any CPU.ActiveCfg = Debug|Any CPU
		{DAAF7AAB-B3C6-7148-BD53-127EADE3D216}.Debug|Any CPU.Build.0 = Debug|Any CPU
		{DAAF7AAB-B3C6-7148-BD53-127EADE3D216}.Release|Any CPU.ActiveCfg = Release|Any CPU
		{DAAF7AAB-B3C6-7148-BD53-127EADE3D216}.Release|Any CPU.Build.0 = Release|Any CPU
		{E1044C6F-B71C-AEB0-C55D-05C280F3DDB8}.Debug|Any CPU.ActiveCfg = Debug|Any CPU
		{E1044C6F-B71C-AEB0-C55D-05C280F3DDB8}.Debug|Any CPU.Build.0 = Debug|Any CPU
		{E1044C6F-B71C-AEB0-C55D-05C280F3DDB8}.Release|Any CPU.ActiveCfg = Release|Any CPU
		{E1044C6F-B71C-AEB0-C55D-05C280F3DDB8}.Release|Any CPU.Build.0 = Release|Any CPU
		{190CBBD0-02AA-FD57-EC99-67C79059E3BF}.Debug|Any CPU.ActiveCfg = Debug|Any CPU
		{190CBBD0-02AA-FD57-EC99-67C79059E3BF}.Debug|Any CPU.Build.0 = Debug|Any CPU
		{190CBBD0-02AA-FD57-EC99-67C79059E3BF}.Release|Any CPU.ActiveCfg = Release|Any CPU
		{190CBBD0-02AA-FD57-EC99-67C79059E3BF}.Release|Any CPU.Build.0 = Release|Any CPU
		{65DFFDD4-4A9D-5B99-1701-5ECA9CADEFC2}.Debug|Any CPU.ActiveCfg = Debug|Any CPU
		{65DFFDD4-4A9D-5B99-1701-5ECA9CADEFC2}.Debug|Any CPU.Build.0 = Debug|Any CPU
		{65DFFDD4-4A9D-5B99-1701-5ECA9CADEFC2}.Release|Any CPU.ActiveCfg = Release|Any CPU
		{65DFFDD4-4A9D-5B99-1701-5ECA9CADEFC2}.Release|Any CPU.Build.0 = Release|Any CPU
		{7506A1CD-BA3B-14C4-550F-C8F7934ABADB}.Debug|Any CPU.ActiveCfg = Debug|Any CPU
		{7506A1CD-BA3B-14C4-550F-C8F7934ABADB}.Debug|Any CPU.Build.0 = Debug|Any CPU
		{7506A1CD-BA3B-14C4-550F-C8F7934ABADB}.Release|Any CPU.ActiveCfg = Release|Any CPU
		{7506A1CD-BA3B-14C4-550F-C8F7934ABADB}.Release|Any CPU.Build.0 = Release|Any CPU
		{E203E67B-283F-B7E2-1F74-BB3C667DA7C0}.Debug|Any CPU.ActiveCfg = Debug|Any CPU
		{E203E67B-283F-B7E2-1F74-BB3C667DA7C0}.Debug|Any CPU.Build.0 = Debug|Any CPU
		{E203E67B-283F-B7E2-1F74-BB3C667DA7C0}.Release|Any CPU.ActiveCfg = Release|Any CPU
		{E203E67B-283F-B7E2-1F74-BB3C667DA7C0}.Release|Any CPU.Build.0 = Release|Any CPU
		{B47FE762-D5EF-6677-4008-E39B8C270A36}.Debug|Any CPU.ActiveCfg = Debug|Any CPU
		{B47FE762-D5EF-6677-4008-E39B8C270A36}.Debug|Any CPU.Build.0 = Debug|Any CPU
		{B47FE762-D5EF-6677-4008-E39B8C270A36}.Release|Any CPU.ActiveCfg = Release|Any CPU
		{B47FE762-D5EF-6677-4008-E39B8C270A36}.Release|Any CPU.Build.0 = Release|Any CPU
		{0DC02F64-E147-2EA6-25A4-CE6BF3ADD0C0}.Debug|Any CPU.ActiveCfg = Debug|Any CPU
		{0DC02F64-E147-2EA6-25A4-CE6BF3ADD0C0}.Debug|Any CPU.Build.0 = Debug|Any CPU
		{0DC02F64-E147-2EA6-25A4-CE6BF3ADD0C0}.Release|Any CPU.ActiveCfg = Release|Any CPU
		{0DC02F64-E147-2EA6-25A4-CE6BF3ADD0C0}.Release|Any CPU.Build.0 = Release|Any CPU
		{29C9B03E-9DEA-A3C3-C82A-F141035EE501}.Debug|Any CPU.ActiveCfg = Debug|Any CPU
		{29C9B03E-9DEA-A3C3-C82A-F141035EE501}.Debug|Any CPU.Build.0 = Debug|Any CPU
		{29C9B03E-9DEA-A3C3-C82A-F141035EE501}.Release|Any CPU.ActiveCfg = Release|Any CPU
		{29C9B03E-9DEA-A3C3-C82A-F141035EE501}.Release|Any CPU.Build.0 = Release|Any CPU
		{15F45CD0-F3E1-11A1-3113-721C6757A8BA}.Debug|Any CPU.ActiveCfg = Debug|Any CPU
		{15F45CD0-F3E1-11A1-3113-721C6757A8BA}.Debug|Any CPU.Build.0 = Debug|Any CPU
		{15F45CD0-F3E1-11A1-3113-721C6757A8BA}.Release|Any CPU.ActiveCfg = Release|Any CPU
		{15F45CD0-F3E1-11A1-3113-721C6757A8BA}.Release|Any CPU.Build.0 = Release|Any CPU
		{930DAB4C-622C-7C8C-18B6-0A0A99489A51}.Debug|Any CPU.ActiveCfg = Debug|Any CPU
		{930DAB4C-622C-7C8C-18B6-0A0A99489A51}.Debug|Any CPU.Build.0 = Debug|Any CPU
		{930DAB4C-622C-7C8C-18B6-0A0A99489A51}.Release|Any CPU.ActiveCfg = Release|Any CPU
		{930DAB4C-622C-7C8C-18B6-0A0A99489A51}.Release|Any CPU.Build.0 = Release|Any CPU
		{B20C03A5-4B83-1419-B213-86C23F411329}.Debug|Any CPU.ActiveCfg = Debug|Any CPU
		{B20C03A5-4B83-1419-B213-86C23F411329}.Debug|Any CPU.Build.0 = Debug|Any CPU
		{B20C03A5-4B83-1419-B213-86C23F411329}.Release|Any CPU.ActiveCfg = Release|Any CPU
		{B20C03A5-4B83-1419-B213-86C23F411329}.Release|Any CPU.Build.0 = Release|Any CPU
		{597A5248-9A00-DCB6-2D1E-CB5AA6A21A34}.Debug|Any CPU.ActiveCfg = Debug|Any CPU
		{597A5248-9A00-DCB6-2D1E-CB5AA6A21A34}.Debug|Any CPU.Build.0 = Debug|Any CPU
		{597A5248-9A00-DCB6-2D1E-CB5AA6A21A34}.Release|Any CPU.ActiveCfg = Release|Any CPU
		{597A5248-9A00-DCB6-2D1E-CB5AA6A21A34}.Release|Any CPU.Build.0 = Release|Any CPU
		{C1E8CF9F-38EA-65F6-9C76-FEFF075F734D}.Debug|Any CPU.ActiveCfg = Debug|Any CPU
		{C1E8CF9F-38EA-65F6-9C76-FEFF075F734D}.Debug|Any CPU.Build.0 = Debug|Any CPU
		{C1E8CF9F-38EA-65F6-9C76-FEFF075F734D}.Release|Any CPU.ActiveCfg = Release|Any CPU
		{C1E8CF9F-38EA-65F6-9C76-FEFF075F734D}.Release|Any CPU.Build.0 = Release|Any CPU
		{974E3F22-DE2B-6512-C558-DC17D6FC8043}.Debug|Any CPU.ActiveCfg = Debug|Any CPU
		{974E3F22-DE2B-6512-C558-DC17D6FC8043}.Debug|Any CPU.Build.0 = Debug|Any CPU
		{974E3F22-DE2B-6512-C558-DC17D6FC8043}.Release|Any CPU.ActiveCfg = Release|Any CPU
		{974E3F22-DE2B-6512-C558-DC17D6FC8043}.Release|Any CPU.Build.0 = Release|Any CPU
		{EE403B09-4F38-E516-9ECA-B6AD3AAE23EF}.Debug|Any CPU.ActiveCfg = Debug|Any CPU
		{EE403B09-4F38-E516-9ECA-B6AD3AAE23EF}.Debug|Any CPU.Build.0 = Debug|Any CPU
		{EE403B09-4F38-E516-9ECA-B6AD3AAE23EF}.Release|Any CPU.ActiveCfg = Release|Any CPU
		{EE403B09-4F38-E516-9ECA-B6AD3AAE23EF}.Release|Any CPU.Build.0 = Release|Any CPU
		{087605F7-2F20-067E-1417-941D6940896B}.Debug|Any CPU.ActiveCfg = Debug|Any CPU
		{087605F7-2F20-067E-1417-941D6940896B}.Debug|Any CPU.Build.0 = Debug|Any CPU
		{087605F7-2F20-067E-1417-941D6940896B}.Release|Any CPU.ActiveCfg = Release|Any CPU
		{087605F7-2F20-067E-1417-941D6940896B}.Release|Any CPU.Build.0 = Release|Any CPU
		{C9438B83-C4F4-60B6-531B-002412FFD65C}.Debug|Any CPU.ActiveCfg = Debug|Any CPU
		{C9438B83-C4F4-60B6-531B-002412FFD65C}.Debug|Any CPU.Build.0 = Debug|Any CPU
		{C9438B83-C4F4-60B6-531B-002412FFD65C}.Release|Any CPU.ActiveCfg = Release|Any CPU
		{C9438B83-C4F4-60B6-531B-002412FFD65C}.Release|Any CPU.Build.0 = Release|Any CPU
		{BC17CB70-547B-82BC-AAD8-D10AC972AE9C}.Debug|Any CPU.ActiveCfg = Debug|Any CPU
		{BC17CB70-547B-82BC-AAD8-D10AC972AE9C}.Debug|Any CPU.Build.0 = Debug|Any CPU
		{BC17CB70-547B-82BC-AAD8-D10AC972AE9C}.Release|Any CPU.ActiveCfg = Release|Any CPU
		{BC17CB70-547B-82BC-AAD8-D10AC972AE9C}.Release|Any CPU.Build.0 = Release|Any CPU
		{B23403FF-44DE-922E-C38C-E47F53DDE386}.Debug|Any CPU.ActiveCfg = Debug|Any CPU
		{B23403FF-44DE-922E-C38C-E47F53DDE386}.Debug|Any CPU.Build.0 = Debug|Any CPU
		{B23403FF-44DE-922E-C38C-E47F53DDE386}.Release|Any CPU.ActiveCfg = Release|Any CPU
		{B23403FF-44DE-922E-C38C-E47F53DDE386}.Release|Any CPU.Build.0 = Release|Any CPU
		{6B6CBCD6-502C-AF88-D0B1-BFC26F280EBE}.Debug|Any CPU.ActiveCfg = Debug|Any CPU
		{6B6CBCD6-502C-AF88-D0B1-BFC26F280EBE}.Debug|Any CPU.Build.0 = Debug|Any CPU
		{6B6CBCD6-502C-AF88-D0B1-BFC26F280EBE}.Release|Any CPU.ActiveCfg = Release|Any CPU
		{6B6CBCD6-502C-AF88-D0B1-BFC26F280EBE}.Release|Any CPU.Build.0 = Release|Any CPU
		{0777E720-571A-7307-9476-3DBF4C1EC6A8}.Debug|Any CPU.ActiveCfg = Debug|Any CPU
		{0777E720-571A-7307-9476-3DBF4C1EC6A8}.Debug|Any CPU.Build.0 = Debug|Any CPU
		{0777E720-571A-7307-9476-3DBF4C1EC6A8}.Release|Any CPU.ActiveCfg = Release|Any CPU
		{0777E720-571A-7307-9476-3DBF4C1EC6A8}.Release|Any CPU.Build.0 = Release|Any CPU
		{A0BFDC56-8516-9E37-F0A6-821E7D2090B2}.Debug|Any CPU.ActiveCfg = Debug|Any CPU
		{A0BFDC56-8516-9E37-F0A6-821E7D2090B2}.Debug|Any CPU.Build.0 = Debug|Any CPU
		{A0BFDC56-8516-9E37-F0A6-821E7D2090B2}.Release|Any CPU.ActiveCfg = Release|Any CPU
		{A0BFDC56-8516-9E37-F0A6-821E7D2090B2}.Release|Any CPU.Build.0 = Release|Any CPU
		{A11AD3AD-A079-1C83-C4CB-58AC98978180}.Debug|Any CPU.ActiveCfg = Debug|Any CPU
		{A11AD3AD-A079-1C83-C4CB-58AC98978180}.Debug|Any CPU.Build.0 = Debug|Any CPU
		{A11AD3AD-A079-1C83-C4CB-58AC98978180}.Release|Any CPU.ActiveCfg = Release|Any CPU
		{A11AD3AD-A079-1C83-C4CB-58AC98978180}.Release|Any CPU.Build.0 = Release|Any CPU
		{940F6B48-FC41-F519-BBF3-DBECD5E69E8B}.Debug|Any CPU.ActiveCfg = Debug|Any CPU
		{940F6B48-FC41-F519-BBF3-DBECD5E69E8B}.Debug|Any CPU.Build.0 = Debug|Any CPU
		{940F6B48-FC41-F519-BBF3-DBECD5E69E8B}.Release|Any CPU.ActiveCfg = Release|Any CPU
		{940F6B48-FC41-F519-BBF3-DBECD5E69E8B}.Release|Any CPU.Build.0 = Release|Any CPU
		{E0B935C3-8F3A-1A9C-AD47-D8279AFE3A37}.Debug|Any CPU.ActiveCfg = Debug|Any CPU
		{E0B935C3-8F3A-1A9C-AD47-D8279AFE3A37}.Debug|Any CPU.Build.0 = Debug|Any CPU
		{E0B935C3-8F3A-1A9C-AD47-D8279AFE3A37}.Release|Any CPU.ActiveCfg = Release|Any CPU
		{E0B935C3-8F3A-1A9C-AD47-D8279AFE3A37}.Release|Any CPU.Build.0 = Release|Any CPU
		{EA88E5CE-2660-8410-C7DA-A6D8C8D2C6CB}.Debug|Any CPU.ActiveCfg = Debug|Any CPU
		{EA88E5CE-2660-8410-C7DA-A6D8C8D2C6CB}.Debug|Any CPU.Build.0 = Debug|Any CPU
		{EA88E5CE-2660-8410-C7DA-A6D8C8D2C6CB}.Release|Any CPU.ActiveCfg = Release|Any CPU
		{EA88E5CE-2660-8410-C7DA-A6D8C8D2C6CB}.Release|Any CPU.Build.0 = Release|Any CPU
		{BC57E960-4C85-911B-2348-FC174736DC65}.Debug|Any CPU.ActiveCfg = Debug|Any CPU
		{BC57E960-4C85-911B-2348-FC174736DC65}.Debug|Any CPU.Build.0 = Debug|Any CPU
		{BC57E960-4C85-911B-2348-FC174736DC65}.Release|Any CPU.ActiveCfg = Release|Any CPU
		{BC57E960-4C85-911B-2348-FC174736DC65}.Release|Any CPU.Build.0 = Release|Any CPU
		{BF0F7BF4-4F88-5345-99AF-E261D9D8DEFC}.Debug|Any CPU.ActiveCfg = Debug|Any CPU
		{BF0F7BF4-4F88-5345-99AF-E261D9D8DEFC}.Debug|Any CPU.Build.0 = Debug|Any CPU
		{BF0F7BF4-4F88-5345-99AF-E261D9D8DEFC}.Release|Any CPU.ActiveCfg = Release|Any CPU
		{BF0F7BF4-4F88-5345-99AF-E261D9D8DEFC}.Release|Any CPU.Build.0 = Release|Any CPU
		{AAAE5CE7-F9DE-2085-A058-F601EF5A9BC1}.Debug|Any CPU.ActiveCfg = Debug|Any CPU
		{AAAE5CE7-F9DE-2085-A058-F601EF5A9BC1}.Debug|Any CPU.Build.0 = Debug|Any CPU
		{AAAE5CE7-F9DE-2085-A058-F601EF5A9BC1}.Release|Any CPU.ActiveCfg = Release|Any CPU
		{AAAE5CE7-F9DE-2085-A058-F601EF5A9BC1}.Release|Any CPU.Build.0 = Release|Any CPU
		{CB888A36-71CA-A6DD-3711-26D3366BA300}.Debug|Any CPU.ActiveCfg = Debug|Any CPU
		{CB888A36-71CA-A6DD-3711-26D3366BA300}.Debug|Any CPU.Build.0 = Debug|Any CPU
		{CB888A36-71CA-A6DD-3711-26D3366BA300}.Release|Any CPU.ActiveCfg = Release|Any CPU
		{CB888A36-71CA-A6DD-3711-26D3366BA300}.Release|Any CPU.Build.0 = Release|Any CPU
		{15D43A45-6D40-1B30-2F8E-9DCD1A967465}.Debug|Any CPU.ActiveCfg = Debug|Any CPU
		{15D43A45-6D40-1B30-2F8E-9DCD1A967465}.Debug|Any CPU.Build.0 = Debug|Any CPU
		{15D43A45-6D40-1B30-2F8E-9DCD1A967465}.Release|Any CPU.ActiveCfg = Release|Any CPU
		{15D43A45-6D40-1B30-2F8E-9DCD1A967465}.Release|Any CPU.Build.0 = Release|Any CPU
		{2DDC8D34-C96F-0144-BB13-EC82AA95A363}.Debug|Any CPU.ActiveCfg = Debug|Any CPU
		{2DDC8D34-C96F-0144-BB13-EC82AA95A363}.Debug|Any CPU.Build.0 = Debug|Any CPU
		{2DDC8D34-C96F-0144-BB13-EC82AA95A363}.Release|Any CPU.ActiveCfg = Release|Any CPU
		{2DDC8D34-C96F-0144-BB13-EC82AA95A363}.Release|Any CPU.Build.0 = Release|Any CPU
		{0D0EBF8D-16A4-7D47-EC29-AAC5F1FFF034}.Debug|Any CPU.ActiveCfg = Debug|Any CPU
		{0D0EBF8D-16A4-7D47-EC29-AAC5F1FFF034}.Debug|Any CPU.Build.0 = Debug|Any CPU
		{0D0EBF8D-16A4-7D47-EC29-AAC5F1FFF034}.Release|Any CPU.ActiveCfg = Release|Any CPU
		{0D0EBF8D-16A4-7D47-EC29-AAC5F1FFF034}.Release|Any CPU.Build.0 = Release|Any CPU
		{B12B3DBD-0402-CD80-0FBA-5FED69E12480}.Debug|Any CPU.ActiveCfg = Debug|Any CPU
		{B12B3DBD-0402-CD80-0FBA-5FED69E12480}.Debug|Any CPU.Build.0 = Debug|Any CPU
		{B12B3DBD-0402-CD80-0FBA-5FED69E12480}.Release|Any CPU.ActiveCfg = Release|Any CPU
		{B12B3DBD-0402-CD80-0FBA-5FED69E12480}.Release|Any CPU.Build.0 = Release|Any CPU
		{5F830B35-FB13-63EE-C903-16B8D0F2EC6B}.Debug|Any CPU.ActiveCfg = Debug|Any CPU
		{5F830B35-FB13-63EE-C903-16B8D0F2EC6B}.Debug|Any CPU.Build.0 = Debug|Any CPU
		{5F830B35-FB13-63EE-C903-16B8D0F2EC6B}.Release|Any CPU.ActiveCfg = Release|Any CPU
		{5F830B35-FB13-63EE-C903-16B8D0F2EC6B}.Release|Any CPU.Build.0 = Release|Any CPU
		{53CD04F1-0F0C-2411-1E03-54FA42150490}.Debug|Any CPU.ActiveCfg = Debug|Any CPU
		{53CD04F1-0F0C-2411-1E03-54FA42150490}.Debug|Any CPU.Build.0 = Debug|Any CPU
		{53CD04F1-0F0C-2411-1E03-54FA42150490}.Release|Any CPU.ActiveCfg = Release|Any CPU
		{53CD04F1-0F0C-2411-1E03-54FA42150490}.Release|Any CPU.Build.0 = Release|Any CPU
		{B0B97442-8009-CF96-C797-B777224A54B0}.Debug|Any CPU.ActiveCfg = Debug|Any CPU
		{B0B97442-8009-CF96-C797-B777224A54B0}.Debug|Any CPU.Build.0 = Debug|Any CPU
		{B0B97442-8009-CF96-C797-B777224A54B0}.Release|Any CPU.ActiveCfg = Release|Any CPU
		{B0B97442-8009-CF96-C797-B777224A54B0}.Release|Any CPU.Build.0 = Release|Any CPU
	EndGlobalSection
	GlobalSection(SolutionProperties) = preSolution
		HideSolutionNode = FALSE
	EndGlobalSection
EndGlobal
